// !$*UTF8*$!
{
	archiveVersion = 1;
	classes = {
	};
	objectVersion = 46;
	objects = {

/* Begin PBXBuildFile section */
		A801E0DA13A06120002FA9E8 /* shader.cpp in Sources */ = {isa = PBXBuildFile; fileRef = A801E0D813A06120002FA9E8 /* shader.cpp */; };
		A801E0DB13A06120002FA9E8 /* shader.h in Headers */ = {isa = PBXBuildFile; fileRef = A801E0D913A06120002FA9E8 /* shader.h */; };
		A801E0DF13A068B3002FA9E8 /* log.h in Headers */ = {isa = PBXBuildFile; fileRef = A801E0DE13A068B3002FA9E8 /* log.h */; };
		A80A9A83140622D200614DB0 /* OpenAL.framework in Frameworks */ = {isa = PBXBuildFile; fileRef = A80A9A82140622D200614DB0 /* OpenAL.framework */; };
		A80A9A891406238900614DB0 /* sound.h in Headers */ = {isa = PBXBuildFile; fileRef = A80A9A881406238900614DB0 /* sound.h */; };
		A8114FD613ABA09F00103559 /* element.cpp in Sources */ = {isa = PBXBuildFile; fileRef = A8114FD413ABA09F00103559 /* element.cpp */; };
		A8114FD713ABA09F00103559 /* element.h in Headers */ = {isa = PBXBuildFile; fileRef = A8114FD513ABA09F00103559 /* element.h */; };
		A816243B1399D14D00CE8ED5 /* mbd.cpp in Sources */ = {isa = PBXBuildFile; fileRef = A816243A1399D14D00CE8ED5 /* mbd.cpp */; };
		A81A334113AF1C49001C2871 /* font.cpp in Sources */ = {isa = PBXBuildFile; fileRef = A81A333F13AF1C49001C2871 /* font.cpp */; };
		A81A334213AF1C49001C2871 /* font.h in Headers */ = {isa = PBXBuildFile; fileRef = A81A334013AF1C49001C2871 /* font.h */; };
		A81A334513AF1C6D001C2871 /* meta.cpp in Sources */ = {isa = PBXBuildFile; fileRef = A81A334313AF1C6D001C2871 /* meta.cpp */; };
		A81A334613AF1C6D001C2871 /* meta.h in Headers */ = {isa = PBXBuildFile; fileRef = A81A334413AF1C6D001C2871 /* meta.h */; };
		A829396F13DE747F005D0D64 /* func.h in Headers */ = {isa = PBXBuildFile; fileRef = A829396E13DE747F005D0D64 /* func.h */; };
		A829397113DE7D18005D0D64 /* func.cpp in Sources */ = {isa = PBXBuildFile; fileRef = A829397013DE7D18005D0D64 /* func.cpp */; };
		A839A6AD13AE9A4700D0C254 /* bundle.cpp in Sources */ = {isa = PBXBuildFile; fileRef = A839A6AB13AE9A4700D0C254 /* bundle.cpp */; };
		A839A6AE13AE9A4700D0C254 /* bundle.h in Headers */ = {isa = PBXBuildFile; fileRef = A839A6AC13AE9A4700D0C254 /* bundle.h */; };
		A839E21313AB3E65004A1CA5 /* platform.cpp in Sources */ = {isa = PBXBuildFile; fileRef = A839E21213AB3E65004A1CA5 /* platform.cpp */; };
		A84701151471E7260046FC3F /* libTremor.a in Frameworks */ = {isa = PBXBuildFile; fileRef = A84701141471E7260046FC3F /* libTremor.a */; };
		A847011A1471E7350046FC3F /* ivorbiscodec.h in Headers */ = {isa = PBXBuildFile; fileRef = A84701171471E7350046FC3F /* ivorbiscodec.h */; };
		A847011B1471E7350046FC3F /* ivorbisfile.h in Headers */ = {isa = PBXBuildFile; fileRef = A84701181471E7350046FC3F /* ivorbisfile.h */; };
		A847011C1471E7350046FC3F /* ogg.h in Headers */ = {isa = PBXBuildFile; fileRef = A84701191471E7350046FC3F /* ogg.h */; };
		A85B7EE71398909A008776AB /* mbd.h in Headers */ = {isa = PBXBuildFile; fileRef = A85B7EE61398909A008776AB /* mbd.h */; };
		A874066F13B5030200F8B807 /* touch.cpp in Sources */ = {isa = PBXBuildFile; fileRef = A874066D13B5030200F8B807 /* touch.cpp */; };
		A874067013B5030200F8B807 /* touch.h in Headers */ = {isa = PBXBuildFile; fileRef = A874066E13B5030200F8B807 /* touch.h */; };
		A876348A13C104CA006B1333 /* widget.cpp in Sources */ = {isa = PBXBuildFile; fileRef = A876348913C104CA006B1333 /* widget.cpp */; };
		A876348C13C104D6006B1333 /* widget.h in Headers */ = {isa = PBXBuildFile; fileRef = A876348B13C104D6006B1333 /* widget.h */; };
		A8885811135CB02F00F7732C /* Foundation.framework in Frameworks */ = {isa = PBXBuildFile; fileRef = A8885810135CB02F00F7732C /* Foundation.framework */; };
		A8885841135CB1FC00F7732C /* engine.h in Headers */ = {isa = PBXBuildFile; fileRef = A8885829135CB1FC00F7732C /* engine.h */; };
		A8885846135CB1FC00F7732C /* matrix.h in Headers */ = {isa = PBXBuildFile; fileRef = A888582F135CB1FC00F7732C /* matrix.h */; };
		A8885848135CB1FC00F7732C /* quaternion.h in Headers */ = {isa = PBXBuildFile; fileRef = A8885831135CB1FC00F7732C /* quaternion.h */; };
		A888584B135CB1FC00F7732C /* vector.h in Headers */ = {isa = PBXBuildFile; fileRef = A8885834135CB1FC00F7732C /* vector.h */; };
		A8885853135CB84B00F7732C /* OpenGLES.framework in Frameworks */ = {isa = PBXBuildFile; fileRef = A8885852135CB84B00F7732C /* OpenGLES.framework */; };
		A8885855135CB85100F7732C /* QuartzCore.framework in Frameworks */ = {isa = PBXBuildFile; fileRef = A8885854135CB85100F7732C /* QuartzCore.framework */; };
		A888585F135CBB7D00F7732C /* UIKit.framework in Frameworks */ = {isa = PBXBuildFile; fileRef = A888585E135CBB7D00F7732C /* UIKit.framework */; };
		A8885861135CBB8200F7732C /* CoreGraphics.framework in Frameworks */ = {isa = PBXBuildFile; fileRef = A8885860135CBB8200F7732C /* CoreGraphics.framework */; };
		A8885864135CBB9800F7732C /* MacheteGLView.h in Headers */ = {isa = PBXBuildFile; fileRef = A8885862135CBB9800F7732C /* MacheteGLView.h */; };
		A8885865135CBB9800F7732C /* MacheteGLView.mm in Sources */ = {isa = PBXBuildFile; fileRef = A8885863135CBB9800F7732C /* MacheteGLView.mm */; };
		A89365531375ACA900B0B46C /* tree.h in Headers */ = {isa = PBXBuildFile; fileRef = A89365521375ACA900B0B46C /* tree.h */; };
		A89365571375B62300B0B46C /* str.h in Headers */ = {isa = PBXBuildFile; fileRef = A89365551375B62200B0B46C /* str.h */; };
		A8A8D06B140AB2EC005C9E2B /* sound.cpp in Sources */ = {isa = PBXBuildFile; fileRef = A8A8D06A140AB2EC005C9E2B /* sound.cpp */; };
		A8CD9A9F141714A600270862 /* CoreAudio.framework in Frameworks */ = {isa = PBXBuildFile; fileRef = A8CD9A9E141714A600270862 /* CoreAudio.framework */; };
		A8CD9AA41417156100270862 /* AudioToolbox.framework in Frameworks */ = {isa = PBXBuildFile; fileRef = A8CD9AA31417156100270862 /* AudioToolbox.framework */; };
		A8DF994213A9E05F008A27CA /* iOSPlatform.mm in Sources */ = {isa = PBXBuildFile; fileRef = A84955ED13A89014002BB310 /* iOSPlatform.mm */; };
		A8E4DD8413A93A5B00A27214 /* platform.h in Headers */ = {isa = PBXBuildFile; fileRef = A8E4DD8313A93A5B00A27214 /* platform.h */; };
		A8E4DD8713A93BB300A27214 /* draw.cpp in Sources */ = {isa = PBXBuildFile; fileRef = A8E4DD8513A93BB300A27214 /* draw.cpp */; };
		A8E4DD8813A93BB300A27214 /* draw.h in Headers */ = {isa = PBXBuildFile; fileRef = A8E4DD8613A93BB300A27214 /* draw.h */; };
		A8F90985139606F80029D78E /* lists.h in Headers */ = {isa = PBXBuildFile; fileRef = A8F90984139606F80029D78E /* lists.h */; };
/* End PBXBuildFile section */

/* Begin PBXFileReference section */
		A801E0D813A06120002FA9E8 /* shader.cpp */ = {isa = PBXFileReference; fileEncoding = 4; lastKnownFileType = sourcecode.cpp.cpp; path = shader.cpp; sourceTree = "<group>"; };
		A801E0D913A06120002FA9E8 /* shader.h */ = {isa = PBXFileReference; fileEncoding = 4; lastKnownFileType = sourcecode.c.h; path = shader.h; sourceTree = "<group>"; };
		A801E0DE13A068B3002FA9E8 /* log.h */ = {isa = PBXFileReference; fileEncoding = 4; lastKnownFileType = sourcecode.c.h; path = log.h; sourceTree = "<group>"; };
		A80A9A82140622D200614DB0 /* OpenAL.framework */ = {isa = PBXFileReference; lastKnownFileType = wrapper.framework; name = OpenAL.framework; path = System/Library/Frameworks/OpenAL.framework; sourceTree = SDKROOT; };
		A80A9A881406238900614DB0 /* sound.h */ = {isa = PBXFileReference; fileEncoding = 4; lastKnownFileType = sourcecode.c.h; path = sound.h; sourceTree = "<group>"; };
		A8114FD413ABA09F00103559 /* element.cpp */ = {isa = PBXFileReference; fileEncoding = 4; lastKnownFileType = sourcecode.cpp.cpp; path = element.cpp; sourceTree = "<group>"; };
		A8114FD513ABA09F00103559 /* element.h */ = {isa = PBXFileReference; fileEncoding = 4; lastKnownFileType = sourcecode.c.h; path = element.h; sourceTree = "<group>"; };
		A816243A1399D14D00CE8ED5 /* mbd.cpp */ = {isa = PBXFileReference; fileEncoding = 4; lastKnownFileType = sourcecode.cpp.cpp; path = mbd.cpp; sourceTree = "<group>"; };
		A81A333F13AF1C49001C2871 /* font.cpp */ = {isa = PBXFileReference; fileEncoding = 4; lastKnownFileType = sourcecode.cpp.cpp; path = font.cpp; sourceTree = "<group>"; };
		A81A334013AF1C49001C2871 /* font.h */ = {isa = PBXFileReference; fileEncoding = 4; lastKnownFileType = sourcecode.c.h; path = font.h; sourceTree = "<group>"; };
		A81A334313AF1C6D001C2871 /* meta.cpp */ = {isa = PBXFileReference; fileEncoding = 4; lastKnownFileType = sourcecode.cpp.cpp; path = meta.cpp; sourceTree = "<group>"; };
		A81A334413AF1C6D001C2871 /* meta.h */ = {isa = PBXFileReference; fileEncoding = 4; lastKnownFileType = sourcecode.c.h; path = meta.h; sourceTree = "<group>"; };
		A829396E13DE747F005D0D64 /* func.h */ = {isa = PBXFileReference; fileEncoding = 4; lastKnownFileType = sourcecode.c.h; path = func.h; sourceTree = "<group>"; };
		A829397013DE7D18005D0D64 /* func.cpp */ = {isa = PBXFileReference; fileEncoding = 4; lastKnownFileType = sourcecode.cpp.cpp; path = func.cpp; sourceTree = "<group>"; };
		A839A6AB13AE9A4700D0C254 /* bundle.cpp */ = {isa = PBXFileReference; fileEncoding = 4; lastKnownFileType = sourcecode.cpp.cpp; path = bundle.cpp; sourceTree = "<group>"; };
		A839A6AC13AE9A4700D0C254 /* bundle.h */ = {isa = PBXFileReference; fileEncoding = 4; lastKnownFileType = sourcecode.c.h; path = bundle.h; sourceTree = "<group>"; };
		A839E21213AB3E65004A1CA5 /* platform.cpp */ = {isa = PBXFileReference; fileEncoding = 4; lastKnownFileType = sourcecode.cpp.cpp; path = platform.cpp; sourceTree = "<group>"; };
		A84701141471E7260046FC3F /* libTremor.a */ = {isa = PBXFileReference; lastKnownFileType = archive.ar; path = libTremor.a; sourceTree = "<group>"; };
		A84701171471E7350046FC3F /* ivorbiscodec.h */ = {isa = PBXFileReference; fileEncoding = 4; lastKnownFileType = sourcecode.c.h; path = ivorbiscodec.h; sourceTree = "<group>"; };
		A84701181471E7350046FC3F /* ivorbisfile.h */ = {isa = PBXFileReference; fileEncoding = 4; lastKnownFileType = sourcecode.c.h; path = ivorbisfile.h; sourceTree = "<group>"; };
		A84701191471E7350046FC3F /* ogg.h */ = {isa = PBXFileReference; fileEncoding = 4; lastKnownFileType = sourcecode.c.h; path = ogg.h; sourceTree = "<group>"; };
		A84955ED13A89014002BB310 /* iOSPlatform.mm */ = {isa = PBXFileReference; fileEncoding = 4; lastKnownFileType = sourcecode.cpp.objcpp; path = iOSPlatform.mm; sourceTree = "<group>"; };
		A85130FF13A7357E00084BD5 /* vtx.vert */ = {isa = PBXFileReference; fileEncoding = 4; lastKnownFileType = sourcecode.glsl; path = vtx.vert; sourceTree = "<group>"; };
		A851310213A7359400084BD5 /* vtx.frag */ = {isa = PBXFileReference; fileEncoding = 4; lastKnownFileType = sourcecode.glsl; path = vtx.frag; sourceTree = "<group>"; };
		A85B7EE61398909A008776AB /* mbd.h */ = {isa = PBXFileReference; fileEncoding = 4; lastKnownFileType = sourcecode.c.h; path = mbd.h; sourceTree = "<group>"; };
		A874066D13B5030200F8B807 /* touch.cpp */ = {isa = PBXFileReference; fileEncoding = 4; lastKnownFileType = sourcecode.cpp.cpp; path = touch.cpp; sourceTree = "<group>"; };
		A874066E13B5030200F8B807 /* touch.h */ = {isa = PBXFileReference; fileEncoding = 4; lastKnownFileType = sourcecode.c.h; path = touch.h; sourceTree = "<group>"; };
		A876348913C104CA006B1333 /* widget.cpp */ = {isa = PBXFileReference; fileEncoding = 4; lastKnownFileType = sourcecode.cpp.cpp; path = widget.cpp; sourceTree = "<group>"; };
		A876348B13C104D6006B1333 /* widget.h */ = {isa = PBXFileReference; fileEncoding = 4; lastKnownFileType = sourcecode.c.h; path = widget.h; sourceTree = "<group>"; };
		A888580D135CB02F00F7732C /* libmachete.a */ = {isa = PBXFileReference; explicitFileType = archive.ar; includeInIndex = 0; path = libmachete.a; sourceTree = BUILT_PRODUCTS_DIR; };
		A8885810135CB02F00F7732C /* Foundation.framework */ = {isa = PBXFileReference; lastKnownFileType = wrapper.framework; name = Foundation.framework; path = System/Library/Frameworks/Foundation.framework; sourceTree = SDKROOT; };
		A8885814135CB02F00F7732C /* machete-Prefix.pch */ = {isa = PBXFileReference; lastKnownFileType = sourcecode.c.h; path = "machete-Prefix.pch"; sourceTree = "<group>"; };
		A8885829135CB1FC00F7732C /* engine.h */ = {isa = PBXFileReference; fileEncoding = 4; lastKnownFileType = sourcecode.c.h; path = engine.h; sourceTree = "<group>"; };
		A888582F135CB1FC00F7732C /* matrix.h */ = {isa = PBXFileReference; fileEncoding = 4; lastKnownFileType = sourcecode.c.h; path = matrix.h; sourceTree = "<group>"; };
		A8885831135CB1FC00F7732C /* quaternion.h */ = {isa = PBXFileReference; fileEncoding = 4; lastKnownFileType = sourcecode.c.h; path = quaternion.h; sourceTree = "<group>"; };
		A8885834135CB1FC00F7732C /* vector.h */ = {isa = PBXFileReference; fileEncoding = 4; lastKnownFileType = sourcecode.c.h; path = vector.h; sourceTree = "<group>"; };
		A8885852135CB84B00F7732C /* OpenGLES.framework */ = {isa = PBXFileReference; lastKnownFileType = wrapper.framework; name = OpenGLES.framework; path = System/Library/Frameworks/OpenGLES.framework; sourceTree = SDKROOT; };
		A8885854135CB85100F7732C /* QuartzCore.framework */ = {isa = PBXFileReference; lastKnownFileType = wrapper.framework; name = QuartzCore.framework; path = System/Library/Frameworks/QuartzCore.framework; sourceTree = SDKROOT; };
		A888585E135CBB7D00F7732C /* UIKit.framework */ = {isa = PBXFileReference; lastKnownFileType = wrapper.framework; name = UIKit.framework; path = System/Library/Frameworks/UIKit.framework; sourceTree = SDKROOT; };
		A8885860135CBB8200F7732C /* CoreGraphics.framework */ = {isa = PBXFileReference; lastKnownFileType = wrapper.framework; name = CoreGraphics.framework; path = System/Library/Frameworks/CoreGraphics.framework; sourceTree = SDKROOT; };
		A8885862135CBB9800F7732C /* MacheteGLView.h */ = {isa = PBXFileReference; fileEncoding = 4; lastKnownFileType = sourcecode.c.h; path = MacheteGLView.h; sourceTree = "<group>"; };
		A8885863135CBB9800F7732C /* MacheteGLView.mm */ = {isa = PBXFileReference; fileEncoding = 4; lastKnownFileType = sourcecode.cpp.objcpp; path = MacheteGLView.mm; sourceTree = "<group>"; };
		A89365521375ACA900B0B46C /* tree.h */ = {isa = PBXFileReference; fileEncoding = 4; lastKnownFileType = sourcecode.c.h; path = tree.h; sourceTree = "<group>"; };
		A89365551375B62200B0B46C /* str.h */ = {isa = PBXFileReference; fileEncoding = 4; lastKnownFileType = sourcecode.c.h; path = str.h; sourceTree = "<group>"; };
		A8A8D06A140AB2EC005C9E2B /* sound.cpp */ = {isa = PBXFileReference; fileEncoding = 4; lastKnownFileType = sourcecode.cpp.cpp; path = sound.cpp; sourceTree = "<group>"; };
		A8CD9A9E141714A600270862 /* CoreAudio.framework */ = {isa = PBXFileReference; lastKnownFileType = wrapper.framework; name = CoreAudio.framework; path = System/Library/Frameworks/CoreAudio.framework; sourceTree = SDKROOT; };
		A8CD9AA31417156100270862 /* AudioToolbox.framework */ = {isa = PBXFileReference; lastKnownFileType = wrapper.framework; name = AudioToolbox.framework; path = System/Library/Frameworks/AudioToolbox.framework; sourceTree = SDKROOT; };
		A8E4DD8313A93A5B00A27214 /* platform.h */ = {isa = PBXFileReference; fileEncoding = 4; lastKnownFileType = sourcecode.c.h; path = platform.h; sourceTree = "<group>"; };
		A8E4DD8513A93BB300A27214 /* draw.cpp */ = {isa = PBXFileReference; fileEncoding = 4; lastKnownFileType = sourcecode.cpp.cpp; path = draw.cpp; sourceTree = "<group>"; };
		A8E4DD8613A93BB300A27214 /* draw.h */ = {isa = PBXFileReference; fileEncoding = 4; lastKnownFileType = sourcecode.c.h; path = draw.h; sourceTree = "<group>"; };
		A8F90984139606F80029D78E /* lists.h */ = {isa = PBXFileReference; fileEncoding = 4; lastKnownFileType = sourcecode.c.h; path = lists.h; sourceTree = "<group>"; };
/* End PBXFileReference section */

/* Begin PBXFrameworksBuildPhase section */
		A888580A135CB02F00F7732C /* Frameworks */ = {
			isa = PBXFrameworksBuildPhase;
			buildActionMask = 2147483647;
			files = (
				A8CD9AA41417156100270862 /* AudioToolbox.framework in Frameworks */,
				A8CD9A9F141714A600270862 /* CoreAudio.framework in Frameworks */,
				A80A9A83140622D200614DB0 /* OpenAL.framework in Frameworks */,
				A8885861135CBB8200F7732C /* CoreGraphics.framework in Frameworks */,
				A888585F135CBB7D00F7732C /* UIKit.framework in Frameworks */,
				A8885855135CB85100F7732C /* QuartzCore.framework in Frameworks */,
				A8885853135CB84B00F7732C /* OpenGLES.framework in Frameworks */,
				A8885811135CB02F00F7732C /* Foundation.framework in Frameworks */,
				A84701151471E7260046FC3F /* libTremor.a in Frameworks */,
			);
			runOnlyForDeploymentPostprocessing = 0;
		};
/* End PBXFrameworksBuildPhase section */

/* Begin PBXGroup section */
		A801E0DD13A06127002FA9E8 /* common */ = {
			isa = PBXGroup;
			children = (
				A801E0DE13A068B3002FA9E8 /* log.h */,
			);
			name = common;
			path = machete/machete/common;
			sourceTree = SOURCE_ROOT;
		};
		A80A9A871406230B00614DB0 /* sound */ = {
			isa = PBXGroup;
			children = (
				A80A9A881406238900614DB0 /* sound.h */,
				A8A8D06A140AB2EC005C9E2B /* sound.cpp */,
			);
			name = sound;
			path = machete/machete/sound;
			sourceTree = SOURCE_ROOT;
		};
		A8114FD213AB9FA400103559 /* draw */ = {
			isa = PBXGroup;
			children = (
				A8114FD413ABA09F00103559 /* element.cpp */,
				A8114FD513ABA09F00103559 /* element.h */,
				A839A6AB13AE9A4700D0C254 /* bundle.cpp */,
				A839A6AC13AE9A4700D0C254 /* bundle.h */,
				A81A333F13AF1C49001C2871 /* font.cpp */,
				A81A334013AF1C49001C2871 /* font.h */,
				A81A334313AF1C6D001C2871 /* meta.cpp */,
				A81A334413AF1C6D001C2871 /* meta.h */,
			);
			name = draw;
			path = machete/machete/draw;
			sourceTree = SOURCE_ROOT;
		};
		A829396C13DE7418005D0D64 /* anim */ = {
			isa = PBXGroup;
			children = (
				A829396E13DE747F005D0D64 /* func.h */,
				A829397013DE7D18005D0D64 /* func.cpp */,
			);
			name = anim;
			path = machete/machete/anim;
			sourceTree = SOURCE_ROOT;
		};
		A847010F1471E6990046FC3F /* deps */ = {
			isa = PBXGroup;
			children = (
				A84701111471E6E90046FC3F /* vorbis */,
			);
			path = deps;
			sourceTree = "<group>";
		};
		A84701111471E6E90046FC3F /* vorbis */ = {
			isa = PBXGroup;
			children = (
				A84701131471E6FC0046FC3F /* lib */,
				A84701121471E6F40046FC3F /* include */,
			);
			path = vorbis;
			sourceTree = "<group>";
		};
		A84701121471E6F40046FC3F /* include */ = {
			isa = PBXGroup;
			children = (
				A84701161471E7350046FC3F /* Tremor */,
			);
			path = include;
			sourceTree = "<group>";
		};
		A84701131471E6FC0046FC3F /* lib */ = {
			isa = PBXGroup;
			children = (
				A84701141471E7260046FC3F /* libTremor.a */,
			);
			path = lib;
			sourceTree = "<group>";
		};
		A84701161471E7350046FC3F /* Tremor */ = {
			isa = PBXGroup;
			children = (
				A84701171471E7350046FC3F /* ivorbiscodec.h */,
				A84701181471E7350046FC3F /* ivorbisfile.h */,
				A84701191471E7350046FC3F /* ogg.h */,
			);
			path = Tremor;
			sourceTree = "<group>";
		};
		A874066C13B502D300F8B807 /* input */ = {
			isa = PBXGroup;
			children = (
				A874066D13B5030200F8B807 /* touch.cpp */,
				A874066E13B5030200F8B807 /* touch.h */,
			);
			name = input;
			path = machete/machete/input;
			sourceTree = SOURCE_ROOT;
		};
		A876348713C10311006B1333 /* widget */ = {
			isa = PBXGroup;
			children = (
				A876348913C104CA006B1333 /* widget.cpp */,
				A876348B13C104D6006B1333 /* widget.h */,
			);
			name = widget;
			path = machete/machete/widget;
			sourceTree = SOURCE_ROOT;
		};
		A8885802135CB02F00F7732C = {
			isa = PBXGroup;
			children = (
				A8CD9AA31417156100270862 /* AudioToolbox.framework */,
				A8CD9A9E141714A600270862 /* CoreAudio.framework */,
				A80A9A82140622D200614DB0 /* OpenAL.framework */,
				A8885860135CBB8200F7732C /* CoreGraphics.framework */,
				A888585E135CBB7D00F7732C /* UIKit.framework */,
				A8885854135CB85100F7732C /* QuartzCore.framework */,
				A8885852135CB84B00F7732C /* OpenGLES.framework */,
				A8885812135CB02F00F7732C /* machete */,
				A888580F135CB02F00F7732C /* Frameworks */,
				A888580E135CB02F00F7732C /* Products */,
				A847010F1471E6990046FC3F /* deps */,
			);
			sourceTree = "<group>";
		};
		A888580E135CB02F00F7732C /* Products */ = {
			isa = PBXGroup;
			children = (
				A888580D135CB02F00F7732C /* libmachete.a */,
			);
			name = Products;
			sourceTree = "<group>";
		};
		A888580F135CB02F00F7732C /* Frameworks */ = {
			isa = PBXGroup;
			children = (
				A8885810135CB02F00F7732C /* Foundation.framework */,
			);
			name = Frameworks;
			sourceTree = "<group>";
		};
		A8885812135CB02F00F7732C /* machete */ = {
			isa = PBXGroup;
			children = (
				A888581A135CB1FC00F7732C /* machete */,
				A8885813135CB02F00F7732C /* Supporting Files */,
				A8885862135CBB9800F7732C /* MacheteGLView.h */,
				A84955ED13A89014002BB310 /* iOSPlatform.mm */,
				A8885863135CBB9800F7732C /* MacheteGLView.mm */,
			);
			path = machete;
			sourceTree = "<group>";
		};
		A8885813135CB02F00F7732C /* Supporting Files */ = {
			isa = PBXGroup;
			children = (
				A8885814135CB02F00F7732C /* machete-Prefix.pch */,
			);
			name = "Supporting Files";
			sourceTree = "<group>";
		};
		A888581A135CB1FC00F7732C /* machete */ = {
			isa = PBXGroup;
			children = (
				A829396C13DE7418005D0D64 /* anim */,
				A801E0DD13A06127002FA9E8 /* common */,
				A8E4DD7D13A9360F00A27214 /* data */,
				A8114FD213AB9FA400103559 /* draw */,
				A8E4DD7F13A9374500A27214 /* graphics */,
				A874066C13B502D300F8B807 /* input */,
				A8E4DD7E13A9363C00A27214 /* math */,
				A8E4DD7A13A91C5C00A27214 /* platform */,
				A80A9A871406230B00614DB0 /* sound */,
				A876348713C10311006B1333 /* widget */,
				A8885829135CB1FC00F7732C /* engine.h */,
			);
			path = machete;
			sourceTree = "<group>";
		};
		A8E4DD7A13A91C5C00A27214 /* platform */ = {
			isa = PBXGroup;
			children = (
				A8E4DD8313A93A5B00A27214 /* platform.h */,
				A839E21213AB3E65004A1CA5 /* platform.cpp */,
			);
			name = platform;
			path = machete/machete/platform;
			sourceTree = SOURCE_ROOT;
		};
		A8E4DD7D13A9360F00A27214 /* data */ = {
			isa = PBXGroup;
			children = (
				A89365521375ACA900B0B46C /* tree.h */,
				A89365551375B62200B0B46C /* str.h */,
				A8F90984139606F80029D78E /* lists.h */,
				A85B7EE61398909A008776AB /* mbd.h */,
				A816243A1399D14D00CE8ED5 /* mbd.cpp */,
			);
			name = data;
			path = machete/machete/data;
			sourceTree = SOURCE_ROOT;
		};
		A8E4DD7E13A9363C00A27214 /* math */ = {
			isa = PBXGroup;
			children = (
				A888582F135CB1FC00F7732C /* matrix.h */,
				A8885831135CB1FC00F7732C /* quaternion.h */,
				A8885834135CB1FC00F7732C /* vector.h */,
			);
			name = math;
			path = machete/machete/math;
			sourceTree = SOURCE_ROOT;
		};
		A8E4DD7F13A9374500A27214 /* graphics */ = {
			isa = PBXGroup;
			children = (
				A801E0D813A06120002FA9E8 /* shader.cpp */,
				A801E0D913A06120002FA9E8 /* shader.h */,
				A85130FF13A7357E00084BD5 /* vtx.vert */,
				A851310213A7359400084BD5 /* vtx.frag */,
				A8E4DD8513A93BB300A27214 /* draw.cpp */,
				A8E4DD8613A93BB300A27214 /* draw.h */,
			);
			name = graphics;
			path = machete/machete/graphics;
			sourceTree = SOURCE_ROOT;
		};
/* End PBXGroup section */

/* Begin PBXHeadersBuildPhase section */
		A888580B135CB02F00F7732C /* Headers */ = {
			isa = PBXHeadersBuildPhase;
			buildActionMask = 2147483647;
			files = (
				A8885841135CB1FC00F7732C /* engine.h in Headers */,
				A8885846135CB1FC00F7732C /* matrix.h in Headers */,
				A8885848135CB1FC00F7732C /* quaternion.h in Headers */,
				A888584B135CB1FC00F7732C /* vector.h in Headers */,
				A8885864135CBB9800F7732C /* MacheteGLView.h in Headers */,
				A89365531375ACA900B0B46C /* tree.h in Headers */,
				A89365571375B62300B0B46C /* str.h in Headers */,
				A8F90985139606F80029D78E /* lists.h in Headers */,
				A85B7EE71398909A008776AB /* mbd.h in Headers */,
				A801E0DB13A06120002FA9E8 /* shader.h in Headers */,
				A801E0DF13A068B3002FA9E8 /* log.h in Headers */,
				A8E4DD8413A93A5B00A27214 /* platform.h in Headers */,
				A8E4DD8813A93BB300A27214 /* draw.h in Headers */,
				A8114FD713ABA09F00103559 /* element.h in Headers */,
				A839A6AE13AE9A4700D0C254 /* bundle.h in Headers */,
				A81A334213AF1C49001C2871 /* font.h in Headers */,
				A81A334613AF1C6D001C2871 /* meta.h in Headers */,
				A874067013B5030200F8B807 /* touch.h in Headers */,
				A876348C13C104D6006B1333 /* widget.h in Headers */,
				A829396F13DE747F005D0D64 /* func.h in Headers */,
				A80A9A891406238900614DB0 /* sound.h in Headers */,
				A847011A1471E7350046FC3F /* ivorbiscodec.h in Headers */,
				A847011B1471E7350046FC3F /* ivorbisfile.h in Headers */,
				A847011C1471E7350046FC3F /* ogg.h in Headers */,
			);
			runOnlyForDeploymentPostprocessing = 0;
		};
/* End PBXHeadersBuildPhase section */

/* Begin PBXNativeTarget section */
		A888580C135CB02F00F7732C /* machete */ = {
			isa = PBXNativeTarget;
			buildConfigurationList = A8885817135CB02F00F7732C /* Build configuration list for PBXNativeTarget "machete" */;
			buildPhases = (
				A8885809135CB02F00F7732C /* Sources */,
				A888580A135CB02F00F7732C /* Frameworks */,
				A888580B135CB02F00F7732C /* Headers */,
			);
			buildRules = (
			);
			dependencies = (
			);
			name = machete;
			productName = machete;
			productReference = A888580D135CB02F00F7732C /* libmachete.a */;
			productType = "com.apple.product-type.library.static";
		};
/* End PBXNativeTarget section */

/* Begin PBXProject section */
		A8885804135CB02F00F7732C /* Project object */ = {
			isa = PBXProject;
			buildConfigurationList = A8885807135CB02F00F7732C /* Build configuration list for PBXProject "machete" */;
			compatibilityVersion = "Xcode 3.2";
			developmentRegion = English;
			hasScannedForEncodings = 0;
			knownRegions = (
				en,
			);
			mainGroup = A8885802135CB02F00F7732C;
			productRefGroup = A888580E135CB02F00F7732C /* Products */;
			projectDirPath = "";
			projectRoot = "";
			targets = (
				A888580C135CB02F00F7732C /* machete */,
			);
		};
/* End PBXProject section */

/* Begin PBXSourcesBuildPhase section */
		A8885809135CB02F00F7732C /* Sources */ = {
			isa = PBXSourcesBuildPhase;
			buildActionMask = 2147483647;
			files = (
				A8DF994213A9E05F008A27CA /* iOSPlatform.mm in Sources */,
				A8885865135CBB9800F7732C /* MacheteGLView.mm in Sources */,
				A816243B1399D14D00CE8ED5 /* mbd.cpp in Sources */,
				A801E0DA13A06120002FA9E8 /* shader.cpp in Sources */,
				A8E4DD8713A93BB300A27214 /* draw.cpp in Sources */,
				A839E21313AB3E65004A1CA5 /* platform.cpp in Sources */,
				A8114FD613ABA09F00103559 /* element.cpp in Sources */,
				A839A6AD13AE9A4700D0C254 /* bundle.cpp in Sources */,
				A81A334113AF1C49001C2871 /* font.cpp in Sources */,
				A81A334513AF1C6D001C2871 /* meta.cpp in Sources */,
				A874066F13B5030200F8B807 /* touch.cpp in Sources */,
				A876348A13C104CA006B1333 /* widget.cpp in Sources */,
				A829397113DE7D18005D0D64 /* func.cpp in Sources */,
				A8A8D06B140AB2EC005C9E2B /* sound.cpp in Sources */,
			);
			runOnlyForDeploymentPostprocessing = 0;
		};
/* End PBXSourcesBuildPhase section */

/* Begin XCBuildConfiguration section */
		A8885815135CB02F00F7732C /* Debug */ = {
			isa = XCBuildConfiguration;
			buildSettings = {
				ARCHS = "$(ARCHS_STANDARD_32_BIT)";
				GCC_C_LANGUAGE_STANDARD = gnu99;
				GCC_OPTIMIZATION_LEVEL = 0;
				GCC_PREPROCESSOR_DEFINITIONS = DEBUG;
				GCC_SYMBOLS_PRIVATE_EXTERN = NO;
				GCC_VERSION = com.apple.compilers.llvm.clang.1_0;
				GCC_WARN_ABOUT_RETURN_TYPE = YES;
				GCC_WARN_UNUSED_VARIABLE = YES;
				IPHONEOS_DEPLOYMENT_TARGET = 4.3;
				SDKROOT = iphoneos;
			};
			name = Debug;
		};
		A8885816135CB02F00F7732C /* Release */ = {
			isa = XCBuildConfiguration;
			buildSettings = {
				ARCHS = "$(ARCHS_STANDARD_32_BIT)";
				GCC_C_LANGUAGE_STANDARD = gnu99;
				GCC_VERSION = com.apple.compilers.llvm.clang.1_0;
				GCC_WARN_ABOUT_RETURN_TYPE = YES;
				GCC_WARN_UNUSED_VARIABLE = YES;
				IPHONEOS_DEPLOYMENT_TARGET = 4.3;
				SDKROOT = iphoneos;
			};
			name = Release;
		};
		A8885818135CB02F00F7732C /* Debug */ = {
			isa = XCBuildConfiguration;
			buildSettings = {
				ALWAYS_SEARCH_USER_PATHS = NO;
				DSTROOT = /tmp/machete.dst;
				GCC_PRECOMPILE_PREFIX_HEADER = YES;
				GCC_PREFIX_HEADER = "machete/machete-Prefix.pch";
				"GCC_PREPROCESSOR_DEFINITIONS[arch=*]" = (
					DEBUG,
					TARGET_IOS,
					ENGINE,
				);
				LIBRARY_SEARCH_PATHS = (
					"$(inherited)",
					"\"$(SRCROOT)/deps/vorbis/lib\"",
				);
				OTHER_LDFLAGS = "-ObjC";
				PRODUCT_NAME = "$(TARGET_NAME)";
			};
			name = Debug;
		};
		A8885819135CB02F00F7732C /* Release */ = {
			isa = XCBuildConfiguration;
			buildSettings = {
				ALWAYS_SEARCH_USER_PATHS = NO;
				DSTROOT = /tmp/machete.dst;
				GCC_PRECOMPILE_PREFIX_HEADER = YES;
				GCC_PREFIX_HEADER = "machete/machete-Prefix.pch";
				"GCC_PREPROCESSOR_DEFINITIONS[arch=*]" = (
					TARGET_IOS,
					ENGINE,
				);
				LIBRARY_SEARCH_PATHS = (
					"$(inherited)",
					"\"$(SRCROOT)/deps/vorbis/lib\"",
				);
				OTHER_LDFLAGS = "-ObjC";
				PRODUCT_NAME = "$(TARGET_NAME)";
			};
			name = Release;
		};
/* End XCBuildConfiguration section */

/* Begin XCConfigurationList section */
		A8885807135CB02F00F7732C /* Build configuration list for PBXProject "machete" */ = {
			isa = XCConfigurationList;
			buildConfigurations = (
				A8885815135CB02F00F7732C /* Debug */,
				A8885816135CB02F00F7732C /* Release */,
			);
			defaultConfigurationIsVisible = 0;
			defaultConfigurationName = Release;
		};
		A8885817135CB02F00F7732C /* Build configuration list for PBXNativeTarget "machete" */ = {
			isa = XCConfigurationList;
			buildConfigurations = (
				A8885818135CB02F00F7732C /* Debug */,
				A8885819135CB02F00F7732C /* Release */,
			);
			defaultConfigurationIsVisible = 0;
			defaultConfigurationName = Release;
		};
/* End XCConfigurationList section */
	};
	rootObject = A8885804135CB02F00F7732C /* Project object */;
}
