// !$*UTF8*$!
{
	archiveVersion = 1;
	classes = {
	};
	objectVersion = 46;
	objects = {

/* Begin PBXBuildFile section */
		A801E0DA13A06120002FA9E8 /* shader.cpp in Sources */ = {isa = PBXBuildFile; fileRef = A801E0D813A06120002FA9E8 /* shader.cpp */; };
		A801E0DB13A06120002FA9E8 /* shader.h in Headers */ = {isa = PBXBuildFile; fileRef = A801E0D913A06120002FA9E8 /* shader.h */; };
		A801E0DF13A068B3002FA9E8 /* log.h in Headers */ = {isa = PBXBuildFile; fileRef = A801E0DE13A068B3002FA9E8 /* log.h */; };
		A807D17D149BFD3C00848DE7 /* asm_arm.h in Headers */ = {isa = PBXBuildFile; fileRef = A807D154149BFD3C00848DE7 /* asm_arm.h */; };
		A807D17E149BFD3C00848DE7 /* backends.h in Headers */ = {isa = PBXBuildFile; fileRef = A807D156149BFD3C00848DE7 /* backends.h */; };
		A807D17F149BFD3C00848DE7 /* bitwise.c in Sources */ = {isa = PBXBuildFile; fileRef = A807D157149BFD3C00848DE7 /* bitwise.c */; };
		A807D180149BFD3C00848DE7 /* block.c in Sources */ = {isa = PBXBuildFile; fileRef = A807D158149BFD3C00848DE7 /* block.c */; };
		A807D181149BFD3C00848DE7 /* block.h in Headers */ = {isa = PBXBuildFile; fileRef = A807D159149BFD3C00848DE7 /* block.h */; };
		A807D182149BFD3C00848DE7 /* codebook.c in Sources */ = {isa = PBXBuildFile; fileRef = A807D15B149BFD3C00848DE7 /* codebook.c */; };
		A807D183149BFD3C00848DE7 /* codebook.h in Headers */ = {isa = PBXBuildFile; fileRef = A807D15C149BFD3C00848DE7 /* codebook.h */; };
		A807D184149BFD3C00848DE7 /* codec_internal.h in Headers */ = {isa = PBXBuildFile; fileRef = A807D15D149BFD3C00848DE7 /* codec_internal.h */; };
		A807D185149BFD3C00848DE7 /* config_types.h in Headers */ = {isa = PBXBuildFile; fileRef = A807D15E149BFD3C00848DE7 /* config_types.h */; };
		A807D186149BFD3C00848DE7 /* floor0.c in Sources */ = {isa = PBXBuildFile; fileRef = A807D161149BFD3C00848DE7 /* floor0.c */; };
		A807D187149BFD3C00848DE7 /* floor1.c in Sources */ = {isa = PBXBuildFile; fileRef = A807D162149BFD3C00848DE7 /* floor1.c */; };
		A807D188149BFD3C00848DE7 /* framing.c in Sources */ = {isa = PBXBuildFile; fileRef = A807D163149BFD3C00848DE7 /* framing.c */; };
		A807D189149BFD3C00848DE7 /* info.c in Sources */ = {isa = PBXBuildFile; fileRef = A807D164149BFD3C00848DE7 /* info.c */; };
		A807D18A149BFD3C00848DE7 /* ivorbiscodec.h in Headers */ = {isa = PBXBuildFile; fileRef = A807D165149BFD3C00848DE7 /* ivorbiscodec.h */; };
		A807D18B149BFD3C00848DE7 /* ivorbisfile.h in Headers */ = {isa = PBXBuildFile; fileRef = A807D166149BFD3C00848DE7 /* ivorbisfile.h */; };
		A807D18D149BFD3C00848DE7 /* lsp_lookup.h in Headers */ = {isa = PBXBuildFile; fileRef = A807D168149BFD3C00848DE7 /* lsp_lookup.h */; };
		A807D18E149BFD3C00848DE7 /* mapping0.c in Sources */ = {isa = PBXBuildFile; fileRef = A807D16A149BFD3C00848DE7 /* mapping0.c */; };
		A807D18F149BFD3C00848DE7 /* mdct.c in Sources */ = {isa = PBXBuildFile; fileRef = A807D16B149BFD3C00848DE7 /* mdct.c */; };
		A807D190149BFD3C00848DE7 /* mdct.h in Headers */ = {isa = PBXBuildFile; fileRef = A807D16C149BFD3C00848DE7 /* mdct.h */; };
		A807D191149BFD3C00848DE7 /* mdct_lookup.h in Headers */ = {isa = PBXBuildFile; fileRef = A807D16D149BFD3C00848DE7 /* mdct_lookup.h */; };
		A807D192149BFD3C00848DE7 /* misc.h in Headers */ = {isa = PBXBuildFile; fileRef = A807D16E149BFD3C00848DE7 /* misc.h */; };
		A807D193149BFD3C00848DE7 /* ogg.h in Headers */ = {isa = PBXBuildFile; fileRef = A807D16F149BFD3C00848DE7 /* ogg.h */; };
		A807D194149BFD3C00848DE7 /* os.h in Headers */ = {isa = PBXBuildFile; fileRef = A807D170149BFD3C00848DE7 /* os.h */; };
		A807D195149BFD3C00848DE7 /* os_types.h in Headers */ = {isa = PBXBuildFile; fileRef = A807D171149BFD3C00848DE7 /* os_types.h */; };
		A807D196149BFD3C00848DE7 /* registry.c in Sources */ = {isa = PBXBuildFile; fileRef = A807D173149BFD3C00848DE7 /* registry.c */; };
		A807D197149BFD3C00848DE7 /* registry.h in Headers */ = {isa = PBXBuildFile; fileRef = A807D174149BFD3C00848DE7 /* registry.h */; };
		A807D198149BFD3C00848DE7 /* res012.c in Sources */ = {isa = PBXBuildFile; fileRef = A807D175149BFD3C00848DE7 /* res012.c */; };
		A807D199149BFD3C00848DE7 /* sharedbook.c in Sources */ = {isa = PBXBuildFile; fileRef = A807D176149BFD3C00848DE7 /* sharedbook.c */; };
		A807D19A149BFD3C00848DE7 /* synthesis.c in Sources */ = {isa = PBXBuildFile; fileRef = A807D177149BFD3C00848DE7 /* synthesis.c */; };
		A807D19B149BFD3C00848DE7 /* vorbisfile.c in Sources */ = {isa = PBXBuildFile; fileRef = A807D179149BFD3C00848DE7 /* vorbisfile.c */; };
		A807D19C149BFD3C00848DE7 /* window.c in Sources */ = {isa = PBXBuildFile; fileRef = A807D17A149BFD3C00848DE7 /* window.c */; };
		A807D19D149BFD3C00848DE7 /* window.h in Headers */ = {isa = PBXBuildFile; fileRef = A807D17B149BFD3C00848DE7 /* window.h */; };
		A807D19E149BFD3C00848DE7 /* window_lookup.h in Headers */ = {isa = PBXBuildFile; fileRef = A807D17C149BFD3C00848DE7 /* window_lookup.h */; };
		A80A9A83140622D200614DB0 /* OpenAL.framework in Frameworks */ = {isa = PBXBuildFile; fileRef = A80A9A82140622D200614DB0 /* OpenAL.framework */; };
		A80A9A891406238900614DB0 /* sound.h in Headers */ = {isa = PBXBuildFile; fileRef = A80A9A881406238900614DB0 /* sound.h */; };
		A8114FD613ABA09F00103559 /* element.cpp in Sources */ = {isa = PBXBuildFile; fileRef = A8114FD413ABA09F00103559 /* element.cpp */; };
		A8114FD713ABA09F00103559 /* element.h in Headers */ = {isa = PBXBuildFile; fileRef = A8114FD513ABA09F00103559 /* element.h */; };
		A816243B1399D14D00CE8ED5 /* mbd.cpp in Sources */ = {isa = PBXBuildFile; fileRef = A816243A1399D14D00CE8ED5 /* mbd.cpp */; };
		A81A334113AF1C49001C2871 /* font.cpp in Sources */ = {isa = PBXBuildFile; fileRef = A81A333F13AF1C49001C2871 /* font.cpp */; };
		A81A334213AF1C49001C2871 /* font.h in Headers */ = {isa = PBXBuildFile; fileRef = A81A334013AF1C49001C2871 /* font.h */; };
		A81A334513AF1C6D001C2871 /* meta.cpp in Sources */ = {isa = PBXBuildFile; fileRef = A81A334313AF1C6D001C2871 /* meta.cpp */; };
		A81A334613AF1C6D001C2871 /* meta.h in Headers */ = {isa = PBXBuildFile; fileRef = A81A334413AF1C6D001C2871 /* meta.h */; };
		A829396F13DE747F005D0D64 /* func.h in Headers */ = {isa = PBXBuildFile; fileRef = A829396E13DE747F005D0D64 /* func.h */; };
		A829397113DE7D18005D0D64 /* func.cpp in Sources */ = {isa = PBXBuildFile; fileRef = A829397013DE7D18005D0D64 /* func.cpp */; };
		A82BF6F7148F1684005DB0D3 /* extended.h in Headers */ = {isa = PBXBuildFile; fileRef = A82BF6F6148F1684005DB0D3 /* extended.h */; };
		A82BF6FA148F1E8F005DB0D3 /* extended.cpp in Sources */ = {isa = PBXBuildFile; fileRef = A82BF6F9148F1E8F005DB0D3 /* extended.cpp */; };
		A8315180147980390036D4BB /* libsqlite3.dylib in Frameworks */ = {isa = PBXBuildFile; fileRef = A831517F147980390036D4BB /* libsqlite3.dylib */; };
		A831518614798D9B0036D4BB /* sql.cpp in Sources */ = {isa = PBXBuildFile; fileRef = A831518514798D9B0036D4BB /* sql.cpp */; };
		A831518814798DA60036D4BB /* sql.h in Headers */ = {isa = PBXBuildFile; fileRef = A831518714798DA60036D4BB /* sql.h */; };
		A839A6AD13AE9A4700D0C254 /* bundle.cpp in Sources */ = {isa = PBXBuildFile; fileRef = A839A6AB13AE9A4700D0C254 /* bundle.cpp */; };
		A839A6AE13AE9A4700D0C254 /* bundle.h in Headers */ = {isa = PBXBuildFile; fileRef = A839A6AC13AE9A4700D0C254 /* bundle.h */; };
		A839E21313AB3E65004A1CA5 /* platform.cpp in Sources */ = {isa = PBXBuildFile; fileRef = A839E21213AB3E65004A1CA5 /* platform.cpp */; };
		A85B7EE71398909A008776AB /* mbd.h in Headers */ = {isa = PBXBuildFile; fileRef = A85B7EE61398909A008776AB /* mbd.h */; };
		A874066F13B5030200F8B807 /* touch.cpp in Sources */ = {isa = PBXBuildFile; fileRef = A874066D13B5030200F8B807 /* touch.cpp */; };
		A874067013B5030200F8B807 /* touch.h in Headers */ = {isa = PBXBuildFile; fileRef = A874066E13B5030200F8B807 /* touch.h */; };
		A876348A13C104CA006B1333 /* widget.cpp in Sources */ = {isa = PBXBuildFile; fileRef = A876348913C104CA006B1333 /* widget.cpp */; };
		A876348C13C104D6006B1333 /* widget.h in Headers */ = {isa = PBXBuildFile; fileRef = A876348B13C104D6006B1333 /* widget.h */; };
		A8885811135CB02F00F7732C /* Foundation.framework in Frameworks */ = {isa = PBXBuildFile; fileRef = A8885810135CB02F00F7732C /* Foundation.framework */; };
		A8885841135CB1FC00F7732C /* engine.h in Headers */ = {isa = PBXBuildFile; fileRef = A8885829135CB1FC00F7732C /* engine.h */; };
		A8885846135CB1FC00F7732C /* matrix.h in Headers */ = {isa = PBXBuildFile; fileRef = A888582F135CB1FC00F7732C /* matrix.h */; };
		A8885848135CB1FC00F7732C /* quaternion.h in Headers */ = {isa = PBXBuildFile; fileRef = A8885831135CB1FC00F7732C /* quaternion.h */; };
		A888584B135CB1FC00F7732C /* vector.h in Headers */ = {isa = PBXBuildFile; fileRef = A8885834135CB1FC00F7732C /* vector.h */; };
		A8885853135CB84B00F7732C /* OpenGLES.framework in Frameworks */ = {isa = PBXBuildFile; fileRef = A8885852135CB84B00F7732C /* OpenGLES.framework */; };
		A8885855135CB85100F7732C /* QuartzCore.framework in Frameworks */ = {isa = PBXBuildFile; fileRef = A8885854135CB85100F7732C /* QuartzCore.framework */; };
		A888585F135CBB7D00F7732C /* UIKit.framework in Frameworks */ = {isa = PBXBuildFile; fileRef = A888585E135CBB7D00F7732C /* UIKit.framework */; };
		A8885861135CBB8200F7732C /* CoreGraphics.framework in Frameworks */ = {isa = PBXBuildFile; fileRef = A8885860135CBB8200F7732C /* CoreGraphics.framework */; };
		A8885864135CBB9800F7732C /* MacheteGLView.h in Headers */ = {isa = PBXBuildFile; fileRef = A8885862135CBB9800F7732C /* MacheteGLView.h */; };
		A8885865135CBB9800F7732C /* MacheteGLView.mm in Sources */ = {isa = PBXBuildFile; fileRef = A8885863135CBB9800F7732C /* MacheteGLView.mm */; };
		A89365531375ACA900B0B46C /* tree.h in Headers */ = {isa = PBXBuildFile; fileRef = A89365521375ACA900B0B46C /* tree.h */; };
		A89365571375B62300B0B46C /* str.h in Headers */ = {isa = PBXBuildFile; fileRef = A89365551375B62200B0B46C /* str.h */; };
		A8A8D06B140AB2EC005C9E2B /* sound.cpp in Sources */ = {isa = PBXBuildFile; fileRef = A8A8D06A140AB2EC005C9E2B /* sound.cpp */; };
		A8CD9A9F141714A600270862 /* CoreAudio.framework in Frameworks */ = {isa = PBXBuildFile; fileRef = A8CD9A9E141714A600270862 /* CoreAudio.framework */; };
		A8CD9AA41417156100270862 /* AudioToolbox.framework in Frameworks */ = {isa = PBXBuildFile; fileRef = A8CD9AA31417156100270862 /* AudioToolbox.framework */; };
		A8D62E9E149833B100E5DB12 /* thread.h in Headers */ = {isa = PBXBuildFile; fileRef = A8D62E9D149833B100E5DB12 /* thread.h */; };
		A8D62EA0149833DC00E5DB12 /* thread.cpp in Sources */ = {isa = PBXBuildFile; fileRef = A8D62E9F149833DC00E5DB12 /* thread.cpp */; };
		A8DF994213A9E05F008A27CA /* iOSPlatform.mm in Sources */ = {isa = PBXBuildFile; fileRef = A84955ED13A89014002BB310 /* iOSPlatform.mm */; };
		A8E4DD8413A93A5B00A27214 /* platform.h in Headers */ = {isa = PBXBuildFile; fileRef = A8E4DD8313A93A5B00A27214 /* platform.h */; };
		A8E4DD8713A93BB300A27214 /* draw.cpp in Sources */ = {isa = PBXBuildFile; fileRef = A8E4DD8513A93BB300A27214 /* draw.cpp */; };
		A8E4DD8813A93BB300A27214 /* draw.h in Headers */ = {isa = PBXBuildFile; fileRef = A8E4DD8613A93BB300A27214 /* draw.h */; };
		A8F90985139606F80029D78E /* lists.h in Headers */ = {isa = PBXBuildFile; fileRef = A8F90984139606F80029D78E /* lists.h */; };
/* End PBXBuildFile section */

/* Begin PBXFileReference section */
		A801E0D813A06120002FA9E8 /* shader.cpp */ = {isa = PBXFileReference; fileEncoding = 4; lastKnownFileType = sourcecode.cpp.cpp; path = shader.cpp; sourceTree = "<group>"; };
		A801E0D913A06120002FA9E8 /* shader.h */ = {isa = PBXFileReference; fileEncoding = 4; lastKnownFileType = sourcecode.c.h; path = shader.h; sourceTree = "<group>"; };
		A801E0DE13A068B3002FA9E8 /* log.h */ = {isa = PBXFileReference; fileEncoding = 4; lastKnownFileType = sourcecode.c.h; path = log.h; sourceTree = "<group>"; };
		A807D154149BFD3C00848DE7 /* asm_arm.h */ = {isa = PBXFileReference; fileEncoding = 4; lastKnownFileType = sourcecode.c.h; path = asm_arm.h; sourceTree = "<group>"; };
		A807D156149BFD3C00848DE7 /* backends.h */ = {isa = PBXFileReference; fileEncoding = 4; lastKnownFileType = sourcecode.c.h; path = backends.h; sourceTree = "<group>"; };
		A807D157149BFD3C00848DE7 /* bitwise.c */ = {isa = PBXFileReference; fileEncoding = 4; lastKnownFileType = sourcecode.c.c; path = bitwise.c; sourceTree = "<group>"; };
		A807D158149BFD3C00848DE7 /* block.c */ = {isa = PBXFileReference; fileEncoding = 4; lastKnownFileType = sourcecode.c.c; path = block.c; sourceTree = "<group>"; };
		A807D159149BFD3C00848DE7 /* block.h */ = {isa = PBXFileReference; fileEncoding = 4; lastKnownFileType = sourcecode.c.h; path = block.h; sourceTree = "<group>"; };
		A807D15B149BFD3C00848DE7 /* codebook.c */ = {isa = PBXFileReference; fileEncoding = 4; lastKnownFileType = sourcecode.c.c; path = codebook.c; sourceTree = "<group>"; };
		A807D15C149BFD3C00848DE7 /* codebook.h */ = {isa = PBXFileReference; fileEncoding = 4; lastKnownFileType = sourcecode.c.h; path = codebook.h; sourceTree = "<group>"; };
		A807D15D149BFD3C00848DE7 /* codec_internal.h */ = {isa = PBXFileReference; fileEncoding = 4; lastKnownFileType = sourcecode.c.h; path = codec_internal.h; sourceTree = "<group>"; };
		A807D15E149BFD3C00848DE7 /* config_types.h */ = {isa = PBXFileReference; fileEncoding = 4; lastKnownFileType = sourcecode.c.h; path = config_types.h; sourceTree = "<group>"; };
		A807D161149BFD3C00848DE7 /* floor0.c */ = {isa = PBXFileReference; fileEncoding = 4; lastKnownFileType = sourcecode.c.c; path = floor0.c; sourceTree = "<group>"; };
		A807D162149BFD3C00848DE7 /* floor1.c */ = {isa = PBXFileReference; fileEncoding = 4; lastKnownFileType = sourcecode.c.c; path = floor1.c; sourceTree = "<group>"; };
		A807D163149BFD3C00848DE7 /* framing.c */ = {isa = PBXFileReference; fileEncoding = 4; lastKnownFileType = sourcecode.c.c; path = framing.c; sourceTree = "<group>"; };
		A807D164149BFD3C00848DE7 /* info.c */ = {isa = PBXFileReference; fileEncoding = 4; lastKnownFileType = sourcecode.c.c; path = info.c; sourceTree = "<group>"; };
		A807D165149BFD3C00848DE7 /* ivorbiscodec.h */ = {isa = PBXFileReference; fileEncoding = 4; lastKnownFileType = sourcecode.c.h; path = ivorbiscodec.h; sourceTree = "<group>"; };
		A807D166149BFD3C00848DE7 /* ivorbisfile.h */ = {isa = PBXFileReference; fileEncoding = 4; lastKnownFileType = sourcecode.c.h; path = ivorbisfile.h; sourceTree = "<group>"; };
		A807D168149BFD3C00848DE7 /* lsp_lookup.h */ = {isa = PBXFileReference; fileEncoding = 4; lastKnownFileType = sourcecode.c.h; path = lsp_lookup.h; sourceTree = "<group>"; };
		A807D16A149BFD3C00848DE7 /* mapping0.c */ = {isa = PBXFileReference; fileEncoding = 4; lastKnownFileType = sourcecode.c.c; path = mapping0.c; sourceTree = "<group>"; };
		A807D16B149BFD3C00848DE7 /* mdct.c */ = {isa = PBXFileReference; fileEncoding = 4; lastKnownFileType = sourcecode.c.c; path = mdct.c; sourceTree = "<group>"; };
		A807D16C149BFD3C00848DE7 /* mdct.h */ = {isa = PBXFileReference; fileEncoding = 4; lastKnownFileType = sourcecode.c.h; path = mdct.h; sourceTree = "<group>"; };
		A807D16D149BFD3C00848DE7 /* mdct_lookup.h */ = {isa = PBXFileReference; fileEncoding = 4; lastKnownFileType = sourcecode.c.h; path = mdct_lookup.h; sourceTree = "<group>"; };
		A807D16E149BFD3C00848DE7 /* misc.h */ = {isa = PBXFileReference; fileEncoding = 4; lastKnownFileType = sourcecode.c.h; path = misc.h; sourceTree = "<group>"; };
		A807D16F149BFD3C00848DE7 /* ogg.h */ = {isa = PBXFileReference; fileEncoding = 4; lastKnownFileType = sourcecode.c.h; path = ogg.h; sourceTree = "<group>"; };
		A807D170149BFD3C00848DE7 /* os.h */ = {isa = PBXFileReference; fileEncoding = 4; lastKnownFileType = sourcecode.c.h; path = os.h; sourceTree = "<group>"; };
		A807D171149BFD3C00848DE7 /* os_types.h */ = {isa = PBXFileReference; fileEncoding = 4; lastKnownFileType = sourcecode.c.h; path = os_types.h; sourceTree = "<group>"; };
		A807D173149BFD3C00848DE7 /* registry.c */ = {isa = PBXFileReference; fileEncoding = 4; lastKnownFileType = sourcecode.c.c; path = registry.c; sourceTree = "<group>"; };
		A807D174149BFD3C00848DE7 /* registry.h */ = {isa = PBXFileReference; fileEncoding = 4; lastKnownFileType = sourcecode.c.h; path = registry.h; sourceTree = "<group>"; };
		A807D175149BFD3C00848DE7 /* res012.c */ = {isa = PBXFileReference; fileEncoding = 4; lastKnownFileType = sourcecode.c.c; path = res012.c; sourceTree = "<group>"; };
		A807D176149BFD3C00848DE7 /* sharedbook.c */ = {isa = PBXFileReference; fileEncoding = 4; lastKnownFileType = sourcecode.c.c; path = sharedbook.c; sourceTree = "<group>"; };
		A807D177149BFD3C00848DE7 /* synthesis.c */ = {isa = PBXFileReference; fileEncoding = 4; lastKnownFileType = sourcecode.c.c; path = synthesis.c; sourceTree = "<group>"; };
		A807D179149BFD3C00848DE7 /* vorbisfile.c */ = {isa = PBXFileReference; fileEncoding = 4; lastKnownFileType = sourcecode.c.c; path = vorbisfile.c; sourceTree = "<group>"; };
		A807D17A149BFD3C00848DE7 /* window.c */ = {isa = PBXFileReference; fileEncoding = 4; lastKnownFileType = sourcecode.c.c; path = window.c; sourceTree = "<group>"; };
		A807D17B149BFD3C00848DE7 /* window.h */ = {isa = PBXFileReference; fileEncoding = 4; lastKnownFileType = sourcecode.c.h; path = window.h; sourceTree = "<group>"; };
		A807D17C149BFD3C00848DE7 /* window_lookup.h */ = {isa = PBXFileReference; fileEncoding = 4; lastKnownFileType = sourcecode.c.h; path = window_lookup.h; sourceTree = "<group>"; };
		A80A9A82140622D200614DB0 /* OpenAL.framework */ = {isa = PBXFileReference; lastKnownFileType = wrapper.framework; name = OpenAL.framework; path = System/Library/Frameworks/OpenAL.framework; sourceTree = SDKROOT; };
		A80A9A881406238900614DB0 /* sound.h */ = {isa = PBXFileReference; fileEncoding = 4; lastKnownFileType = sourcecode.c.h; path = sound.h; sourceTree = "<group>"; };
		A8114FD413ABA09F00103559 /* element.cpp */ = {isa = PBXFileReference; fileEncoding = 4; lastKnownFileType = sourcecode.cpp.cpp; path = element.cpp; sourceTree = "<group>"; };
		A8114FD513ABA09F00103559 /* element.h */ = {isa = PBXFileReference; fileEncoding = 4; lastKnownFileType = sourcecode.c.h; path = element.h; sourceTree = "<group>"; };
		A816243A1399D14D00CE8ED5 /* mbd.cpp */ = {isa = PBXFileReference; fileEncoding = 4; lastKnownFileType = sourcecode.cpp.cpp; path = mbd.cpp; sourceTree = "<group>"; };
		A81A333F13AF1C49001C2871 /* font.cpp */ = {isa = PBXFileReference; fileEncoding = 4; lastKnownFileType = sourcecode.cpp.cpp; path = font.cpp; sourceTree = "<group>"; };
		A81A334013AF1C49001C2871 /* font.h */ = {isa = PBXFileReference; fileEncoding = 4; lastKnownFileType = sourcecode.c.h; path = font.h; sourceTree = "<group>"; };
		A81A334313AF1C6D001C2871 /* meta.cpp */ = {isa = PBXFileReference; fileEncoding = 4; lastKnownFileType = sourcecode.cpp.cpp; path = meta.cpp; sourceTree = "<group>"; };
		A81A334413AF1C6D001C2871 /* meta.h */ = {isa = PBXFileReference; fileEncoding = 4; lastKnownFileType = sourcecode.c.h; path = meta.h; sourceTree = "<group>"; };
		A829396E13DE747F005D0D64 /* func.h */ = {isa = PBXFileReference; fileEncoding = 4; lastKnownFileType = sourcecode.c.h; path = func.h; sourceTree = "<group>"; };
		A829397013DE7D18005D0D64 /* func.cpp */ = {isa = PBXFileReference; fileEncoding = 4; lastKnownFileType = sourcecode.cpp.cpp; path = func.cpp; sourceTree = "<group>"; };
		A82BF6F6148F1684005DB0D3 /* extended.h */ = {isa = PBXFileReference; fileEncoding = 4; lastKnownFileType = sourcecode.c.h; path = extended.h; sourceTree = "<group>"; };
		A82BF6F9148F1E8F005DB0D3 /* extended.cpp */ = {isa = PBXFileReference; fileEncoding = 4; lastKnownFileType = sourcecode.cpp.cpp; path = extended.cpp; sourceTree = "<group>"; };
		A831517F147980390036D4BB /* libsqlite3.dylib */ = {isa = PBXFileReference; lastKnownFileType = "compiled.mach-o.dylib"; name = libsqlite3.dylib; path = usr/lib/libsqlite3.dylib; sourceTree = SDKROOT; };
		A831518514798D9B0036D4BB /* sql.cpp */ = {isa = PBXFileReference; fileEncoding = 4; lastKnownFileType = sourcecode.cpp.cpp; path = sql.cpp; sourceTree = "<group>"; };
		A831518714798DA60036D4BB /* sql.h */ = {isa = PBXFileReference; fileEncoding = 4; lastKnownFileType = sourcecode.c.h; path = sql.h; sourceTree = "<group>"; };
		A839A6AB13AE9A4700D0C254 /* bundle.cpp */ = {isa = PBXFileReference; fileEncoding = 4; lastKnownFileType = sourcecode.cpp.cpp; path = bundle.cpp; sourceTree = "<group>"; };
		A839A6AC13AE9A4700D0C254 /* bundle.h */ = {isa = PBXFileReference; fileEncoding = 4; lastKnownFileType = sourcecode.c.h; path = bundle.h; sourceTree = "<group>"; };
		A839E21213AB3E65004A1CA5 /* platform.cpp */ = {isa = PBXFileReference; fileEncoding = 4; lastKnownFileType = sourcecode.cpp.cpp; path = platform.cpp; sourceTree = "<group>"; };
		A84955ED13A89014002BB310 /* iOSPlatform.mm */ = {isa = PBXFileReference; fileEncoding = 4; lastKnownFileType = sourcecode.cpp.objcpp; path = iOSPlatform.mm; sourceTree = "<group>"; };
		A85130FF13A7357E00084BD5 /* vtx.vert */ = {isa = PBXFileReference; fileEncoding = 4; lastKnownFileType = sourcecode.glsl; path = vtx.vert; sourceTree = "<group>"; };
		A851310213A7359400084BD5 /* vtx.frag */ = {isa = PBXFileReference; fileEncoding = 4; lastKnownFileType = sourcecode.glsl; path = vtx.frag; sourceTree = "<group>"; };
		A85B7EE61398909A008776AB /* mbd.h */ = {isa = PBXFileReference; fileEncoding = 4; lastKnownFileType = sourcecode.c.h; path = mbd.h; sourceTree = "<group>"; };
		A874066D13B5030200F8B807 /* touch.cpp */ = {isa = PBXFileReference; fileEncoding = 4; lastKnownFileType = sourcecode.cpp.cpp; path = touch.cpp; sourceTree = "<group>"; };
		A874066E13B5030200F8B807 /* touch.h */ = {isa = PBXFileReference; fileEncoding = 4; lastKnownFileType = sourcecode.c.h; path = touch.h; sourceTree = "<group>"; };
		A876348913C104CA006B1333 /* widget.cpp */ = {isa = PBXFileReference; fileEncoding = 4; lastKnownFileType = sourcecode.cpp.cpp; path = widget.cpp; sourceTree = "<group>"; };
		A876348B13C104D6006B1333 /* widget.h */ = {isa = PBXFileReference; fileEncoding = 4; lastKnownFileType = sourcecode.c.h; path = widget.h; sourceTree = "<group>"; };
		A888580D135CB02F00F7732C /* libmachete.a */ = {isa = PBXFileReference; explicitFileType = archive.ar; includeInIndex = 0; path = libmachete.a; sourceTree = BUILT_PRODUCTS_DIR; };
		A8885810135CB02F00F7732C /* Foundation.framework */ = {isa = PBXFileReference; lastKnownFileType = wrapper.framework; name = Foundation.framework; path = System/Library/Frameworks/Foundation.framework; sourceTree = SDKROOT; };
		A8885814135CB02F00F7732C /* machete-Prefix.pch */ = {isa = PBXFileReference; lastKnownFileType = sourcecode.c.h; path = "machete-Prefix.pch"; sourceTree = "<group>"; };
		A8885829135CB1FC00F7732C /* engine.h */ = {isa = PBXFileReference; fileEncoding = 4; lastKnownFileType = sourcecode.c.h; path = engine.h; sourceTree = "<group>"; };
		A888582F135CB1FC00F7732C /* matrix.h */ = {isa = PBXFileReference; fileEncoding = 4; lastKnownFileType = sourcecode.c.h; path = matrix.h; sourceTree = "<group>"; };
		A8885831135CB1FC00F7732C /* quaternion.h */ = {isa = PBXFileReference; fileEncoding = 4; lastKnownFileType = sourcecode.c.h; path = quaternion.h; sourceTree = "<group>"; };
		A8885834135CB1FC00F7732C /* vector.h */ = {isa = PBXFileReference; fileEncoding = 4; lastKnownFileType = sourcecode.c.h; path = vector.h; sourceTree = "<group>"; };
		A8885852135CB84B00F7732C /* OpenGLES.framework */ = {isa = PBXFileReference; lastKnownFileType = wrapper.framework; name = OpenGLES.framework; path = System/Library/Frameworks/OpenGLES.framework; sourceTree = SDKROOT; };
		A8885854135CB85100F7732C /* QuartzCore.framework */ = {isa = PBXFileReference; lastKnownFileType = wrapper.framework; name = QuartzCore.framework; path = System/Library/Frameworks/QuartzCore.framework; sourceTree = SDKROOT; };
		A888585E135CBB7D00F7732C /* UIKit.framework */ = {isa = PBXFileReference; lastKnownFileType = wrapper.framework; name = UIKit.framework; path = System/Library/Frameworks/UIKit.framework; sourceTree = SDKROOT; };
		A8885860135CBB8200F7732C /* CoreGraphics.framework */ = {isa = PBXFileReference; lastKnownFileType = wrapper.framework; name = CoreGraphics.framework; path = System/Library/Frameworks/CoreGraphics.framework; sourceTree = SDKROOT; };
		A8885862135CBB9800F7732C /* MacheteGLView.h */ = {isa = PBXFileReference; fileEncoding = 4; lastKnownFileType = sourcecode.c.h; path = MacheteGLView.h; sourceTree = "<group>"; };
		A8885863135CBB9800F7732C /* MacheteGLView.mm */ = {isa = PBXFileReference; fileEncoding = 4; lastKnownFileType = sourcecode.cpp.objcpp; path = MacheteGLView.mm; sourceTree = "<group>"; };
		A89365521375ACA900B0B46C /* tree.h */ = {isa = PBXFileReference; fileEncoding = 4; lastKnownFileType = sourcecode.c.h; path = tree.h; sourceTree = "<group>"; };
		A89365551375B62200B0B46C /* str.h */ = {isa = PBXFileReference; fileEncoding = 4; lastKnownFileType = sourcecode.c.h; path = str.h; sourceTree = "<group>"; };
		A8A8D06A140AB2EC005C9E2B /* sound.cpp */ = {isa = PBXFileReference; fileEncoding = 4; lastKnownFileType = sourcecode.cpp.cpp; path = sound.cpp; sourceTree = "<group>"; };
		A8CD9A9E141714A600270862 /* CoreAudio.framework */ = {isa = PBXFileReference; lastKnownFileType = wrapper.framework; name = CoreAudio.framework; path = System/Library/Frameworks/CoreAudio.framework; sourceTree = SDKROOT; };
		A8CD9AA31417156100270862 /* AudioToolbox.framework */ = {isa = PBXFileReference; lastKnownFileType = wrapper.framework; name = AudioToolbox.framework; path = System/Library/Frameworks/AudioToolbox.framework; sourceTree = SDKROOT; };
		A8D62E9D149833B100E5DB12 /* thread.h */ = {isa = PBXFileReference; fileEncoding = 4; lastKnownFileType = sourcecode.c.h; path = thread.h; sourceTree = "<group>"; };
		A8D62E9F149833DC00E5DB12 /* thread.cpp */ = {isa = PBXFileReference; fileEncoding = 4; lastKnownFileType = sourcecode.cpp.cpp; path = thread.cpp; sourceTree = "<group>"; };
		A8E4DD8313A93A5B00A27214 /* platform.h */ = {isa = PBXFileReference; fileEncoding = 4; lastKnownFileType = sourcecode.c.h; path = platform.h; sourceTree = "<group>"; };
		A8E4DD8513A93BB300A27214 /* draw.cpp */ = {isa = PBXFileReference; fileEncoding = 4; lastKnownFileType = sourcecode.cpp.cpp; path = draw.cpp; sourceTree = "<group>"; };
		A8E4DD8613A93BB300A27214 /* draw.h */ = {isa = PBXFileReference; fileEncoding = 4; lastKnownFileType = sourcecode.c.h; path = draw.h; sourceTree = "<group>"; };
		A8F90984139606F80029D78E /* lists.h */ = {isa = PBXFileReference; fileEncoding = 4; lastKnownFileType = sourcecode.c.h; path = lists.h; sourceTree = "<group>"; };
/* End PBXFileReference section */

/* Begin PBXFrameworksBuildPhase section */
		A888580A135CB02F00F7732C /* Frameworks */ = {
			isa = PBXFrameworksBuildPhase;
			buildActionMask = 2147483647;
			files = (
				A8315180147980390036D4BB /* libsqlite3.dylib in Frameworks */,
				A8CD9AA41417156100270862 /* AudioToolbox.framework in Frameworks */,
				A8CD9A9F141714A600270862 /* CoreAudio.framework in Frameworks */,
				A80A9A83140622D200614DB0 /* OpenAL.framework in Frameworks */,
				A8885861135CBB8200F7732C /* CoreGraphics.framework in Frameworks */,
				A888585F135CBB7D00F7732C /* UIKit.framework in Frameworks */,
				A8885855135CB85100F7732C /* QuartzCore.framework in Frameworks */,
				A8885853135CB84B00F7732C /* OpenGLES.framework in Frameworks */,
				A8885811135CB02F00F7732C /* Foundation.framework in Frameworks */,
			);
			runOnlyForDeploymentPostprocessing = 0;
		};
/* End PBXFrameworksBuildPhase section */

/* Begin PBXGroup section */
		A801E0DD13A06127002FA9E8 /* common */ = {
			isa = PBXGroup;
			children = (
				A801E0DE13A068B3002FA9E8 /* log.h */,
			);
			name = common;
			path = machete/machete/common;
			sourceTree = SOURCE_ROOT;
		};
		A807D151149BFD3C00848DE7 /* libtremor */ = {
			isa = PBXGroup;
			children = (
				A807D153149BFD3C00848DE7 /* tremor */,
			);
			path = libtremor;
			sourceTree = "<group>";
		};
		A807D153149BFD3C00848DE7 /* tremor */ = {
			isa = PBXGroup;
			children = (
				A807D154149BFD3C00848DE7 /* asm_arm.h */,
				A807D156149BFD3C00848DE7 /* backends.h */,
				A807D157149BFD3C00848DE7 /* bitwise.c */,
				A807D158149BFD3C00848DE7 /* block.c */,
				A807D159149BFD3C00848DE7 /* block.h */,
				A807D15B149BFD3C00848DE7 /* codebook.c */,
				A807D15C149BFD3C00848DE7 /* codebook.h */,
				A807D15D149BFD3C00848DE7 /* codec_internal.h */,
				A807D15E149BFD3C00848DE7 /* config_types.h */,
				A807D161149BFD3C00848DE7 /* floor0.c */,
				A807D162149BFD3C00848DE7 /* floor1.c */,
				A807D163149BFD3C00848DE7 /* framing.c */,
				A807D164149BFD3C00848DE7 /* info.c */,
				A807D165149BFD3C00848DE7 /* ivorbiscodec.h */,
				A807D166149BFD3C00848DE7 /* ivorbisfile.h */,
				A807D168149BFD3C00848DE7 /* lsp_lookup.h */,
				A807D16A149BFD3C00848DE7 /* mapping0.c */,
				A807D16B149BFD3C00848DE7 /* mdct.c */,
				A807D16C149BFD3C00848DE7 /* mdct.h */,
				A807D16D149BFD3C00848DE7 /* mdct_lookup.h */,
				A807D16E149BFD3C00848DE7 /* misc.h */,
				A807D16F149BFD3C00848DE7 /* ogg.h */,
				A807D170149BFD3C00848DE7 /* os.h */,
				A807D171149BFD3C00848DE7 /* os_types.h */,
				A807D173149BFD3C00848DE7 /* registry.c */,
				A807D174149BFD3C00848DE7 /* registry.h */,
				A807D175149BFD3C00848DE7 /* res012.c */,
				A807D176149BFD3C00848DE7 /* sharedbook.c */,
				A807D177149BFD3C00848DE7 /* synthesis.c */,
				A807D179149BFD3C00848DE7 /* vorbisfile.c */,
				A807D17A149BFD3C00848DE7 /* window.c */,
				A807D17B149BFD3C00848DE7 /* window.h */,
				A807D17C149BFD3C00848DE7 /* window_lookup.h */,
			);
			path = tremor;
			sourceTree = "<group>";
		};
		A80A9A871406230B00614DB0 /* sound */ = {
			isa = PBXGroup;
			children = (
				A80A9A881406238900614DB0 /* sound.h */,
				A8A8D06A140AB2EC005C9E2B /* sound.cpp */,
			);
			name = sound;
			path = machete/machete/sound;
			sourceTree = SOURCE_ROOT;
		};
		A8114FD213AB9FA400103559 /* draw */ = {
			isa = PBXGroup;
			children = (
				A8114FD413ABA09F00103559 /* element.cpp */,
				A8114FD513ABA09F00103559 /* element.h */,
				A839A6AB13AE9A4700D0C254 /* bundle.cpp */,
				A839A6AC13AE9A4700D0C254 /* bundle.h */,
				A81A333F13AF1C49001C2871 /* font.cpp */,
				A81A334013AF1C49001C2871 /* font.h */,
				A81A334313AF1C6D001C2871 /* meta.cpp */,
				A81A334413AF1C6D001C2871 /* meta.h */,
			);
			name = draw;
			path = machete/machete/draw;
			sourceTree = SOURCE_ROOT;
		};
		A829396C13DE7418005D0D64 /* anim */ = {
			isa = PBXGroup;
			children = (
				A829396E13DE747F005D0D64 /* func.h */,
				A829397013DE7D18005D0D64 /* func.cpp */,
			);
			name = anim;
			path = machete/machete/anim;
			sourceTree = SOURCE_ROOT;
		};
		A8315184147981070036D4BB /* storage */ = {
			isa = PBXGroup;
			children = (
				A831518514798D9B0036D4BB /* sql.cpp */,
				A831518714798DA60036D4BB /* sql.h */,
			);
			path = storage;
			sourceTree = "<group>";
		};
		A847010F1471E6990046FC3F /* deps */ = {
			isa = PBXGroup;
			children = (
				A807D151149BFD3C00848DE7 /* libtremor */,
			);
			path = deps;
			sourceTree = "<group>";
		};
		A874066C13B502D300F8B807 /* input */ = {
			isa = PBXGroup;
			children = (
				A874066D13B5030200F8B807 /* touch.cpp */,
				A874066E13B5030200F8B807 /* touch.h */,
			);
			name = input;
			path = machete/machete/input;
			sourceTree = SOURCE_ROOT;
		};
		A876348713C10311006B1333 /* widget */ = {
			isa = PBXGroup;
			children = (
				A876348913C104CA006B1333 /* widget.cpp */,
				A876348B13C104D6006B1333 /* widget.h */,
				A82BF6F6148F1684005DB0D3 /* extended.h */,
				A82BF6F9148F1E8F005DB0D3 /* extended.cpp */,
			);
			name = widget;
			path = machete/machete/widget;
			sourceTree = SOURCE_ROOT;
		};
		A8885802135CB02F00F7732C = {
			isa = PBXGroup;
			children = (
				A831517F147980390036D4BB /* libsqlite3.dylib */,
				A8CD9AA31417156100270862 /* AudioToolbox.framework */,
				A8CD9A9E141714A600270862 /* CoreAudio.framework */,
				A80A9A82140622D200614DB0 /* OpenAL.framework */,
				A8885860135CBB8200F7732C /* CoreGraphics.framework */,
				A888585E135CBB7D00F7732C /* UIKit.framework */,
				A8885854135CB85100F7732C /* QuartzCore.framework */,
				A8885852135CB84B00F7732C /* OpenGLES.framework */,
				A8885812135CB02F00F7732C /* machete */,
				A888580F135CB02F00F7732C /* Frameworks */,
				A888580E135CB02F00F7732C /* Products */,
				A847010F1471E6990046FC3F /* deps */,
			);
			sourceTree = "<group>";
		};
		A888580E135CB02F00F7732C /* Products */ = {
			isa = PBXGroup;
			children = (
				A888580D135CB02F00F7732C /* libmachete.a */,
			);
			name = Products;
			sourceTree = "<group>";
		};
		A888580F135CB02F00F7732C /* Frameworks */ = {
			isa = PBXGroup;
			children = (
				A8885810135CB02F00F7732C /* Foundation.framework */,
			);
			name = Frameworks;
			sourceTree = "<group>";
		};
		A8885812135CB02F00F7732C /* machete */ = {
			isa = PBXGroup;
			children = (
				A888581A135CB1FC00F7732C /* machete */,
				A8885813135CB02F00F7732C /* Supporting Files */,
				A8885862135CBB9800F7732C /* MacheteGLView.h */,
				A84955ED13A89014002BB310 /* iOSPlatform.mm */,
				A8885863135CBB9800F7732C /* MacheteGLView.mm */,
			);
			path = machete;
			sourceTree = "<group>";
		};
		A8885813135CB02F00F7732C /* Supporting Files */ = {
			isa = PBXGroup;
			children = (
				A8885814135CB02F00F7732C /* machete-Prefix.pch */,
			);
			name = "Supporting Files";
			sourceTree = "<group>";
		};
		A888581A135CB1FC00F7732C /* machete */ = {
			isa = PBXGroup;
			children = (
				A8D62E9B1498335D00E5DB12 /* thread */,
				A8315184147981070036D4BB /* storage */,
				A829396C13DE7418005D0D64 /* anim */,
				A801E0DD13A06127002FA9E8 /* common */,
				A8E4DD7D13A9360F00A27214 /* data */,
				A8114FD213AB9FA400103559 /* draw */,
				A8E4DD7F13A9374500A27214 /* graphics */,
				A874066C13B502D300F8B807 /* input */,
				A8E4DD7E13A9363C00A27214 /* math */,
				A8E4DD7A13A91C5C00A27214 /* platform */,
				A80A9A871406230B00614DB0 /* sound */,
				A876348713C10311006B1333 /* widget */,
				A8885829135CB1FC00F7732C /* engine.h */,
			);
			path = machete;
			sourceTree = "<group>";
		};
		A8D62E9B1498335D00E5DB12 /* thread */ = {
			isa = PBXGroup;
			children = (
				A8D62E9D149833B100E5DB12 /* thread.h */,
				A8D62E9F149833DC00E5DB12 /* thread.cpp */,
			);
			path = thread;
			sourceTree = "<group>";
		};
		A8E4DD7A13A91C5C00A27214 /* platform */ = {
			isa = PBXGroup;
			children = (
				A8E4DD8313A93A5B00A27214 /* platform.h */,
				A839E21213AB3E65004A1CA5 /* platform.cpp */,
			);
			name = platform;
			path = machete/machete/platform;
			sourceTree = SOURCE_ROOT;
		};
		A8E4DD7D13A9360F00A27214 /* data */ = {
			isa = PBXGroup;
			children = (
				A89365521375ACA900B0B46C /* tree.h */,
				A89365551375B62200B0B46C /* str.h */,
				A8F90984139606F80029D78E /* lists.h */,
				A85B7EE61398909A008776AB /* mbd.h */,
				A816243A1399D14D00CE8ED5 /* mbd.cpp */,
			);
			name = data;
			path = machete/machete/data;
			sourceTree = SOURCE_ROOT;
		};
		A8E4DD7E13A9363C00A27214 /* math */ = {
			isa = PBXGroup;
			children = (
				A888582F135CB1FC00F7732C /* matrix.h */,
				A8885831135CB1FC00F7732C /* quaternion.h */,
				A8885834135CB1FC00F7732C /* vector.h */,
			);
			name = math;
			path = machete/machete/math;
			sourceTree = SOURCE_ROOT;
		};
		A8E4DD7F13A9374500A27214 /* graphics */ = {
			isa = PBXGroup;
			children = (
				A801E0D813A06120002FA9E8 /* shader.cpp */,
				A801E0D913A06120002FA9E8 /* shader.h */,
				A85130FF13A7357E00084BD5 /* vtx.vert */,
				A851310213A7359400084BD5 /* vtx.frag */,
				A8E4DD8513A93BB300A27214 /* draw.cpp */,
				A8E4DD8613A93BB300A27214 /* draw.h */,
			);
			name = graphics;
			path = machete/machete/graphics;
			sourceTree = SOURCE_ROOT;
		};
/* End PBXGroup section */

/* Begin PBXHeadersBuildPhase section */
		A888580B135CB02F00F7732C /* Headers */ = {
			isa = PBXHeadersBuildPhase;
			buildActionMask = 2147483647;
			files = (
				A8885841135CB1FC00F7732C /* engine.h in Headers */,
				A8885846135CB1FC00F7732C /* matrix.h in Headers */,
				A8885848135CB1FC00F7732C /* quaternion.h in Headers */,
				A888584B135CB1FC00F7732C /* vector.h in Headers */,
				A8885864135CBB9800F7732C /* MacheteGLView.h in Headers */,
				A89365531375ACA900B0B46C /* tree.h in Headers */,
				A89365571375B62300B0B46C /* str.h in Headers */,
				A8F90985139606F80029D78E /* lists.h in Headers */,
				A85B7EE71398909A008776AB /* mbd.h in Headers */,
				A801E0DB13A06120002FA9E8 /* shader.h in Headers */,
				A801E0DF13A068B3002FA9E8 /* log.h in Headers */,
				A8E4DD8413A93A5B00A27214 /* platform.h in Headers */,
				A8E4DD8813A93BB300A27214 /* draw.h in Headers */,
				A8114FD713ABA09F00103559 /* element.h in Headers */,
				A839A6AE13AE9A4700D0C254 /* bundle.h in Headers */,
				A81A334213AF1C49001C2871 /* font.h in Headers */,
				A81A334613AF1C6D001C2871 /* meta.h in Headers */,
				A874067013B5030200F8B807 /* touch.h in Headers */,
				A876348C13C104D6006B1333 /* widget.h in Headers */,
				A829396F13DE747F005D0D64 /* func.h in Headers */,
				A80A9A891406238900614DB0 /* sound.h in Headers */,
				A831518814798DA60036D4BB /* sql.h in Headers */,
				A82BF6F7148F1684005DB0D3 /* extended.h in Headers */,
				A8D62E9E149833B100E5DB12 /* thread.h in Headers */,
				A807D17D149BFD3C00848DE7 /* asm_arm.h in Headers */,
				A807D17E149BFD3C00848DE7 /* backends.h in Headers */,
				A807D181149BFD3C00848DE7 /* block.h in Headers */,
				A807D183149BFD3C00848DE7 /* codebook.h in Headers */,
				A807D184149BFD3C00848DE7 /* codec_internal.h in Headers */,
				A807D185149BFD3C00848DE7 /* config_types.h in Headers */,
				A807D18A149BFD3C00848DE7 /* ivorbiscodec.h in Headers */,
				A807D18B149BFD3C00848DE7 /* ivorbisfile.h in Headers */,
				A807D18D149BFD3C00848DE7 /* lsp_lookup.h in Headers */,
				A807D190149BFD3C00848DE7 /* mdct.h in Headers */,
				A807D191149BFD3C00848DE7 /* mdct_lookup.h in Headers */,
				A807D192149BFD3C00848DE7 /* misc.h in Headers */,
				A807D193149BFD3C00848DE7 /* ogg.h in Headers */,
				A807D194149BFD3C00848DE7 /* os.h in Headers */,
				A807D195149BFD3C00848DE7 /* os_types.h in Headers */,
				A807D197149BFD3C00848DE7 /* registry.h in Headers */,
				A807D19D149BFD3C00848DE7 /* window.h in Headers */,
				A807D19E149BFD3C00848DE7 /* window_lookup.h in Headers */,
			);
			runOnlyForDeploymentPostprocessing = 0;
		};
/* End PBXHeadersBuildPhase section */

/* Begin PBXNativeTarget section */
		A888580C135CB02F00F7732C /* machete */ = {
			isa = PBXNativeTarget;
			buildConfigurationList = A8885817135CB02F00F7732C /* Build configuration list for PBXNativeTarget "machete" */;
			buildPhases = (
				A8885809135CB02F00F7732C /* Sources */,
				A888580A135CB02F00F7732C /* Frameworks */,
				A888580B135CB02F00F7732C /* Headers */,
			);
			buildRules = (
			);
			dependencies = (
			);
			name = machete;
			productName = machete;
			productReference = A888580D135CB02F00F7732C /* libmachete.a */;
			productType = "com.apple.product-type.library.static";
		};
/* End PBXNativeTarget section */

/* Begin PBXProject section */
		A8885804135CB02F00F7732C /* Project object */ = {
			isa = PBXProject;
			buildConfigurationList = A8885807135CB02F00F7732C /* Build configuration list for PBXProject "machete" */;
			compatibilityVersion = "Xcode 3.2";
			developmentRegion = English;
			hasScannedForEncodings = 0;
			knownRegions = (
				en,
			);
			mainGroup = A8885802135CB02F00F7732C;
			productRefGroup = A888580E135CB02F00F7732C /* Products */;
			projectDirPath = "";
			projectRoot = "";
			targets = (
				A888580C135CB02F00F7732C /* machete */,
			);
		};
/* End PBXProject section */

/* Begin PBXSourcesBuildPhase section */
		A8885809135CB02F00F7732C /* Sources */ = {
			isa = PBXSourcesBuildPhase;
			buildActionMask = 2147483647;
			files = (
				A8DF994213A9E05F008A27CA /* iOSPlatform.mm in Sources */,
				A8885865135CBB9800F7732C /* MacheteGLView.mm in Sources */,
				A816243B1399D14D00CE8ED5 /* mbd.cpp in Sources */,
				A801E0DA13A06120002FA9E8 /* shader.cpp in Sources */,
				A8E4DD8713A93BB300A27214 /* draw.cpp in Sources */,
				A839E21313AB3E65004A1CA5 /* platform.cpp in Sources */,
				A8114FD613ABA09F00103559 /* element.cpp in Sources */,
				A839A6AD13AE9A4700D0C254 /* bundle.cpp in Sources */,
				A81A334113AF1C49001C2871 /* font.cpp in Sources */,
				A81A334513AF1C6D001C2871 /* meta.cpp in Sources */,
				A874066F13B5030200F8B807 /* touch.cpp in Sources */,
				A876348A13C104CA006B1333 /* widget.cpp in Sources */,
				A829397113DE7D18005D0D64 /* func.cpp in Sources */,
				A8A8D06B140AB2EC005C9E2B /* sound.cpp in Sources */,
				A831518614798D9B0036D4BB /* sql.cpp in Sources */,
				A82BF6FA148F1E8F005DB0D3 /* extended.cpp in Sources */,
				A8D62EA0149833DC00E5DB12 /* thread.cpp in Sources */,
				A807D17F149BFD3C00848DE7 /* bitwise.c in Sources */,
				A807D180149BFD3C00848DE7 /* block.c in Sources */,
				A807D182149BFD3C00848DE7 /* codebook.c in Sources */,
				A807D186149BFD3C00848DE7 /* floor0.c in Sources */,
				A807D187149BFD3C00848DE7 /* floor1.c in Sources */,
				A807D188149BFD3C00848DE7 /* framing.c in Sources */,
				A807D189149BFD3C00848DE7 /* info.c in Sources */,
				A807D18E149BFD3C00848DE7 /* mapping0.c in Sources */,
				A807D18F149BFD3C00848DE7 /* mdct.c in Sources */,
				A807D196149BFD3C00848DE7 /* registry.c in Sources */,
				A807D198149BFD3C00848DE7 /* res012.c in Sources */,
				A807D199149BFD3C00848DE7 /* sharedbook.c in Sources */,
				A807D19A149BFD3C00848DE7 /* synthesis.c in Sources */,
				A807D19B149BFD3C00848DE7 /* vorbisfile.c in Sources */,
				A807D19C149BFD3C00848DE7 /* window.c in Sources */,
			);
			runOnlyForDeploymentPostprocessing = 0;
		};
/* End PBXSourcesBuildPhase section */

/* Begin XCBuildConfiguration section */
		A8885815135CB02F00F7732C /* Debug */ = {
			isa = XCBuildConfiguration;
			buildSettings = {
				ARCHS = "$(ARCHS_STANDARD_32_BIT)";
				GCC_C_LANGUAGE_STANDARD = gnu99;
				GCC_OPTIMIZATION_LEVEL = 0;
				GCC_PREPROCESSOR_DEFINITIONS = DEBUG;
				GCC_SYMBOLS_PRIVATE_EXTERN = NO;
				GCC_VERSION = com.apple.compilers.llvm.clang.1_0;
				GCC_WARN_ABOUT_RETURN_TYPE = YES;
				GCC_WARN_UNUSED_VARIABLE = YES;
				IPHONEOS_DEPLOYMENT_TARGET = 4.3;
				SDKROOT = iphoneos;
			};
			name = Debug;
		};
		A8885816135CB02F00F7732C /* Release */ = {
			isa = XCBuildConfiguration;
			buildSettings = {
				ARCHS = "$(ARCHS_STANDARD_32_BIT)";
				GCC_C_LANGUAGE_STANDARD = gnu99;
				GCC_VERSION = com.apple.compilers.llvm.clang.1_0;
				GCC_WARN_ABOUT_RETURN_TYPE = YES;
				GCC_WARN_UNUSED_VARIABLE = YES;
				IPHONEOS_DEPLOYMENT_TARGET = 4.3;
				SDKROOT = iphoneos;
			};
			name = Release;
		};
		A8885818135CB02F00F7732C /* Debug */ = {
			isa = XCBuildConfiguration;
			buildSettings = {
				ALWAYS_SEARCH_USER_PATHS = NO;
				DSTROOT = /tmp/machete.dst;
				GCC_PRECOMPILE_PREFIX_HEADER = YES;
				GCC_PREFIX_HEADER = "machete/machete-Prefix.pch";
				"GCC_PREPROCESSOR_DEFINITIONS[arch=*]" = (
					DEBUG,
					TARGET_IOS,
					ENGINE,
				);
				HEADER_SEARCH_PATHS = "\"$(SRCROOT)/deps/libtremor/\"";
				LIBRARY_SEARCH_PATHS = "$(inherited)";
				OTHER_LDFLAGS = "-ObjC";
				PRODUCT_NAME = "$(TARGET_NAME)";
				USER_HEADER_SEARCH_PATHS = "\"$(SRCROOT)/deps/libtremor/\"";
			};
			name = Debug;
		};
		A8885819135CB02F00F7732C /* Release */ = {
			isa = XCBuildConfiguration;
			buildSettings = {
				ALWAYS_SEARCH_USER_PATHS = NO;
				DSTROOT = /tmp/machete.dst;
				GCC_PRECOMPILE_PREFIX_HEADER = YES;
				GCC_PREFIX_HEADER = "machete/machete-Prefix.pch";
				"GCC_PREPROCESSOR_DEFINITIONS[arch=*]" = (
					TARGET_IOS,
					ENGINE,
				);
				HEADER_SEARCH_PATHS = "\"$(SRCROOT)/deps/libtremor/\"";
				LIBRARY_SEARCH_PATHS = "$(inherited)";
				OTHER_LDFLAGS = "-ObjC";
				PRODUCT_NAME = "$(TARGET_NAME)";
				USER_HEADER_SEARCH_PATHS = "\"$(SRCROOT)/deps/libtremor/\"";
			};
			name = Release;
		};
/* End XCBuildConfiguration section */

/* Begin XCConfigurationList section */
		A8885807135CB02F00F7732C /* Build configuration list for PBXProject "machete" */ = {
			isa = XCConfigurationList;
			buildConfigurations = (
				A8885815135CB02F00F7732C /* Debug */,
				A8885816135CB02F00F7732C /* Release */,
			);
			defaultConfigurationIsVisible = 0;
			defaultConfigurationName = Release;
		};
		A8885817135CB02F00F7732C /* Build configuration list for PBXNativeTarget "machete" */ = {
			isa = XCConfigurationList;
			buildConfigurations = (
				A8885818135CB02F00F7732C /* Debug */,
				A8885819135CB02F00F7732C /* Release */,
			);
			defaultConfigurationIsVisible = 0;
			defaultConfigurationName = Release;
		};
/* End XCConfigurationList section */
	};
	rootObject = A8885804135CB02F00F7732C /* Project object */;
}
